
Microsoft Visual Studio Solution File, Format Version 12.00
# Visual Studio Version 16
VisualStudioVersion = 16.0.29728.190
MinimumVisualStudioVersion = 10.0.40219.1
Project("{FAE04EC0-301F-11D3-BF4B-00C04F79EFBC}") = "Интерполяция квадрата", "Интерполяция квадрата\Интерполяция квадрата.csproj", "{D819E487-75E5-473D-9EE6-F3F181322536}"
EndProject
Global
	GlobalSection(SolutionConfigurationPlatforms) = preSolution
		Debug|Any CPU = Debug|Any CPU
		Release|Any CPU = Release|Any CPU
	EndGlobalSection
	GlobalSection(ProjectConfigurationPlatforms) = postSolution
		{D819E487-75E5-473D-9EE6-F3F181322536}.Debug|Any CPU.ActiveCfg = Debug|Any CPU
		{D819E487-75E5-473D-9EE6-F3F181322536}.Debug|Any CPU.Build.0 = Debug|Any CPU
		{D819E487-75E5-473D-9EE6-F3F181322536}.Release|Any CPU.ActiveCfg = Release|Any CPU
		{D819E487-75E5-473D-9EE6-F3F181322536}.Release|Any CPU.Build.0 = Release|Any CPU
	EndGlobalSection
	GlobalSection(SolutionProperties) = preSolution
		HideSolutionNode = FALSE
	EndGlobalSection
	GlobalSection(ExtensibilityGlobals) = postSolution
		SolutionGuid = {1AB2E12C-3B66-4C89-8F1F-4AC717BA072F}
	EndGlobalSection
EndGlobal
